
Microsoft Visual Studio Solution File, Format Version 12.00
# Visual Studio Version 17
VisualStudioVersion = 17.3.32819.101
MinimumVisualStudioVersion = 10.0.40219.1
Project("{FAE04EC0-301F-11D3-BF4B-00C04F79EFBC}") = "ToolCheckSHD", "ToolCheckSHD\ToolCheckSHD.csproj", "{4D6302B3-9742-4E5F-A5A8-8ECEAB3BC61E}"
EndProject
Global
	GlobalSection(SolutionConfigurationPlatforms) = preSolution
		Debug|Any CPU = Debug|Any CPU
		Release|Any CPU = Release|Any CPU
	EndGlobalSection
	GlobalSection(ProjectConfigurationPlatforms) = postSolution
		{4D6302B3-9742-4E5F-A5A8-8ECEAB3BC61E}.Debug|Any CPU.ActiveCfg = Debug|Any CPU
		{4D6302B3-9742-4E5F-A5A8-8ECEAB3BC61E}.Debug|Any CPU.Build.0 = Debug|Any CPU
		{4D6302B3-9742-4E5F-A5A8-8ECEAB3BC61E}.Release|Any CPU.ActiveCfg = Release|Any CPU
		{4D6302B3-9742-4E5F-A5A8-8ECEAB3BC61E}.Release|Any CPU.Build.0 = Release|Any CPU
	EndGlobalSection
	GlobalSection(SolutionProperties) = preSolution
		HideSolutionNode = FALSE
	EndGlobalSection
	GlobalSection(ExtensibilityGlobals) = postSolution
		SolutionGuid = {F2A30BE5-7DC0-4CFC-8008-09116A7BB719}
	EndGlobalSection
EndGlobal
